
Microsoft Visual Studio Solution File, Format Version 12.00
# Visual Studio Version 17
VisualStudioVersion = 17.5.002.0
MinimumVisualStudioVersion = 10.0.40219.1
Project("{9A19103F-16F7-4668-BE54-9A1E7A4F7556}") = "Exam 1", "Exam 1.csproj", "{72D0A10D-9484-4609-92BE-C9CA7F318F6A}"
EndProject
Global
	GlobalSection(SolutionConfigurationPlatforms) = preSolution
		Debug|Any CPU = Debug|Any CPU
		Release|Any CPU = Release|Any CPU
	EndGlobalSection
	GlobalSection(ProjectConfigurationPlatforms) = postSolution
		{72D0A10D-9484-4609-92BE-C9CA7F318F6A}.Debug|Any CPU.ActiveCfg = Debug|Any CPU
		{72D0A10D-9484-4609-92BE-C9CA7F318F6A}.Debug|Any CPU.Build.0 = Debug|Any CPU
		{72D0A10D-9484-4609-92BE-C9CA7F318F6A}.Release|Any CPU.ActiveCfg = Release|Any CPU
		{72D0A10D-9484-4609-92BE-C9CA7F318F6A}.Release|Any CPU.Build.0 = Release|Any CPU
	EndGlobalSection
	GlobalSection(SolutionProperties) = preSolution
		HideSolutionNode = FALSE
	EndGlobalSection
	GlobalSection(ExtensibilityGlobals) = postSolution
		SolutionGuid = {EF193834-FC6F-4781-BF93-56F6C44F66C5}
	EndGlobalSection
EndGlobal
